
Microsoft Visual Studio Solution File, Format Version 12.00
# Visual Studio 2012
VisualStudioVersion = 12.0.31101.0
MinimumVisualStudioVersion = 10.0.40219.1
Project("{D954291E-2A0B-460D-934E-DC6B0785DB48}") = "CoffeeFilter.Shared", "CoffeeFilter.Shared\CoffeeFilter.Shared.shproj", "{851CF61B-0899-4332-A111-46C71D19AE84}"
EndProject
Project("{2150E333-8FDC-42A3-9474-1A3956D46DE8}") = "Tests", "Tests", "{42493F1D-9378-4E0C-89C3-DF9D79E3B4F0}"
EndProject
Project("{FAE04EC0-301F-11D3-BF4B-00C04F79EFBC}") = "CoffeeFilter.UITests", "CoffeeFilter.UITests\CoffeeFilter.UITests.csproj", "{5FFC5831-C926-45CA-ACB6-49C3C4AA96D7}"
EndProject
Project("{D954291E-2A0B-460D-934E-DC6B0785DB48}") = "CoffeeFilter.UITests.Shared", "CoffeeFilter.UITests.Shared\CoffeeFilter.UITests.Shared.shproj", "{02B7F35D-201F-4435-8020-1FE34E45B02B}"
EndProject
Project("{2150E333-8FDC-42A3-9474-1A3956D46DE8}") = "iOS", "iOS", "{DB735661-C0B7-486F-A682-CD2D6FF6E12E}"
EndProject
Project("{FAE04EC0-301F-11D3-BF4B-00C04F79EFBC}") = "CoffeeFilter.iOS", "CoffeeFilter.iOS\CoffeeFilter.iOS.csproj", "{E9A77FD6-BE46-4A13-A098-B733D20DD051}"
EndProject
Project("{FAE04EC0-301F-11D3-BF4B-00C04F79EFBC}") = "CoffeeFilterDistribution.iOSWatchKitApp", "CoffeeFilter.iOSWatchKitApp\CoffeeFilterDistribution.iOSWatchKitApp.csproj", "{E0B4E10F-F1EC-4A18-8DA5-C297966D9E55}"
EndProject
Project("{FAE04EC0-301F-11D3-BF4B-00C04F79EFBC}") = "CoffeeFilterContaining.iOSWatchKitExtension", "CoffeeFilter.iOSWatchKitExtension\CoffeeFilterContaining.iOSWatchKitExtension.csproj", "{6CF328DB-AD12-4042-AE16-2FACA30CF46E}"
EndProject
Project("{2150E333-8FDC-42A3-9474-1A3956D46DE8}") = "Android", "Android", "{3F6ABBA8-1EE2-49C1-AE09-D44A55486836}"
EndProject
Project("{FAE04EC0-301F-11D3-BF4B-00C04F79EFBC}") = "CoffeeFilter.Android", "CoffeeFilter.Android\CoffeeFilter.Android.csproj", "{92ADA73A-72D7-4026-93D7-08ED5EF2A6B3}"
EndProject
Global
	GlobalSection(SolutionConfigurationPlatforms) = preSolution
		Debug|Any CPU = Debug|Any CPU
		Debug|iPhone = Debug|iPhone
		Debug|iPhoneSimulator = Debug|iPhoneSimulator
		Release|Any CPU = Release|Any CPU
		Release|iPhone = Release|iPhone
		Release|iPhoneSimulator = Release|iPhoneSimulator
		UITests|Any CPU = UITests|Any CPU
		UITests|iPhone = UITests|iPhone
		UITests|iPhoneSimulator = UITests|iPhoneSimulator
	EndGlobalSection
	GlobalSection(ProjectConfigurationPlatforms) = postSolution
		{5FFC5831-C926-45CA-ACB6-49C3C4AA96D7}.Debug|Any CPU.ActiveCfg = Debug|Any CPU
		{5FFC5831-C926-45CA-ACB6-49C3C4AA96D7}.Debug|Any CPU.Build.0 = Debug|Any CPU
		{5FFC5831-C926-45CA-ACB6-49C3C4AA96D7}.Debug|iPhone.ActiveCfg = Debug|Any CPU
		{5FFC5831-C926-45CA-ACB6-49C3C4AA96D7}.Debug|iPhone.Build.0 = Debug|Any CPU
		{5FFC5831-C926-45CA-ACB6-49C3C4AA96D7}.Debug|iPhoneSimulator.ActiveCfg = Debug|Any CPU
		{5FFC5831-C926-45CA-ACB6-49C3C4AA96D7}.Debug|iPhoneSimulator.Build.0 = Debug|Any CPU
		{5FFC5831-C926-45CA-ACB6-49C3C4AA96D7}.Release|Any CPU.ActiveCfg = Release|Any CPU
		{5FFC5831-C926-45CA-ACB6-49C3C4AA96D7}.Release|Any CPU.Build.0 = Release|Any CPU
		{5FFC5831-C926-45CA-ACB6-49C3C4AA96D7}.Release|iPhone.ActiveCfg = Release|Any CPU
		{5FFC5831-C926-45CA-ACB6-49C3C4AA96D7}.Release|iPhone.Build.0 = Release|Any CPU
		{5FFC5831-C926-45CA-ACB6-49C3C4AA96D7}.Release|iPhoneSimulator.ActiveCfg = Release|Any CPU
		{5FFC5831-C926-45CA-ACB6-49C3C4AA96D7}.Release|iPhoneSimulator.Build.0 = Release|Any CPU
		{5FFC5831-C926-45CA-ACB6-49C3C4AA96D7}.UITests|Any CPU.ActiveCfg = UITests|Any CPU
		{5FFC5831-C926-45CA-ACB6-49C3C4AA96D7}.UITests|Any CPU.Build.0 = UITests|Any CPU
		{5FFC5831-C926-45CA-ACB6-49C3C4AA96D7}.UITests|iPhone.ActiveCfg = UITests|Any CPU
		{5FFC5831-C926-45CA-ACB6-49C3C4AA96D7}.UITests|iPhoneSimulator.ActiveCfg = UITests|Any CPU
		{6CF328DB-AD12-4042-AE16-2FACA30CF46E}.Debug|Any CPU.ActiveCfg = Debug|iPhoneSimulator
		{6CF328DB-AD12-4042-AE16-2FACA30CF46E}.Debug|Any CPU.Build.0 = Debug|iPhoneSimulator
		{6CF328DB-AD12-4042-AE16-2FACA30CF46E}.Debug|iPhone.ActiveCfg = Debug|iPhone
		{6CF328DB-AD12-4042-AE16-2FACA30CF46E}.Debug|iPhone.Build.0 = Debug|iPhone
		{6CF328DB-AD12-4042-AE16-2FACA30CF46E}.Debug|iPhoneSimulator.ActiveCfg = Debug|iPhoneSimulator
		{6CF328DB-AD12-4042-AE16-2FACA30CF46E}.Debug|iPhoneSimulator.Build.0 = Debug|iPhoneSimulator
		{6CF328DB-AD12-4042-AE16-2FACA30CF46E}.Release|Any CPU.ActiveCfg = Release|iPhone
		{6CF328DB-AD12-4042-AE16-2FACA30CF46E}.Release|Any CPU.Build.0 = Release|iPhone
		{6CF328DB-AD12-4042-AE16-2FACA30CF46E}.Release|iPhone.ActiveCfg = Release|iPhone
		{6CF328DB-AD12-4042-AE16-2FACA30CF46E}.Release|iPhone.Build.0 = Release|iPhone
		{6CF328DB-AD12-4042-AE16-2FACA30CF46E}.Release|iPhoneSimulator.ActiveCfg = Release|iPhoneSimulator
		{6CF328DB-AD12-4042-AE16-2FACA30CF46E}.Release|iPhoneSimulator.Build.0 = Release|iPhoneSimulator
		{6CF328DB-AD12-4042-AE16-2FACA30CF46E}.UITests|Any CPU.ActiveCfg = Debug|iPhoneSimulator
		{6CF328DB-AD12-4042-AE16-2FACA30CF46E}.UITests|Any CPU.Build.0 = Debug|iPhoneSimulator
		{6CF328DB-AD12-4042-AE16-2FACA30CF46E}.UITests|iPhone.ActiveCfg = Release|iPhone
		{6CF328DB-AD12-4042-AE16-2FACA30CF46E}.UITests|iPhone.Build.0 = Release|iPhone
		{6CF328DB-AD12-4042-AE16-2FACA30CF46E}.UITests|iPhoneSimulator.ActiveCfg = Release|iPhoneSimulator
		{6CF328DB-AD12-4042-AE16-2FACA30CF46E}.UITests|iPhoneSimulator.Build.0 = Release|iPhoneSimulator
		{92ADA73A-72D7-4026-93D7-08ED5EF2A6B3}.Debug|Any CPU.ActiveCfg = Debug|Any CPU
		{92ADA73A-72D7-4026-93D7-08ED5EF2A6B3}.Debug|Any CPU.Build.0 = Debug|Any CPU
		{92ADA73A-72D7-4026-93D7-08ED5EF2A6B3}.Debug|iPhone.ActiveCfg = Debug|Any CPU
		{92ADA73A-72D7-4026-93D7-08ED5EF2A6B3}.Debug|iPhone.Build.0 = Debug|Any CPU
		{92ADA73A-72D7-4026-93D7-08ED5EF2A6B3}.Debug|iPhoneSimulator.ActiveCfg = Debug|Any CPU
		{92ADA73A-72D7-4026-93D7-08ED5EF2A6B3}.Debug|iPhoneSimulator.Build.0 = Debug|Any CPU
		{92ADA73A-72D7-4026-93D7-08ED5EF2A6B3}.Release|Any CPU.ActiveCfg = Release|Any CPU
		{92ADA73A-72D7-4026-93D7-08ED5EF2A6B3}.Release|Any CPU.Build.0 = Release|Any CPU
		{92ADA73A-72D7-4026-93D7-08ED5EF2A6B3}.Release|iPhone.ActiveCfg = Release|Any CPU
		{92ADA73A-72D7-4026-93D7-08ED5EF2A6B3}.Release|iPhone.Build.0 = Release|Any CPU
		{92ADA73A-72D7-4026-93D7-08ED5EF2A6B3}.Release|iPhoneSimulator.ActiveCfg = Release|Any CPU
		{92ADA73A-72D7-4026-93D7-08ED5EF2A6B3}.Release|iPhoneSimulator.Build.0 = Release|Any CPU
		{92ADA73A-72D7-4026-93D7-08ED5EF2A6B3}.UITests|Any CPU.ActiveCfg = UITests|Any CPU
		{92ADA73A-72D7-4026-93D7-08ED5EF2A6B3}.UITests|Any CPU.Build.0 = UITests|Any CPU
		{92ADA73A-72D7-4026-93D7-08ED5EF2A6B3}.UITests|iPhone.ActiveCfg = UITests|Any CPU
		{92ADA73A-72D7-4026-93D7-08ED5EF2A6B3}.UITests|iPhoneSimulator.ActiveCfg = UITests|Any CPU
		{E0B4E10F-F1EC-4A18-8DA5-C297966D9E55}.Debug|Any CPU.ActiveCfg = Debug|iPhoneSimulator
		{E0B4E10F-F1EC-4A18-8DA5-C297966D9E55}.Debug|Any CPU.Build.0 = Debug|iPhoneSimulator
		{E0B4E10F-F1EC-4A18-8DA5-C297966D9E55}.Debug|iPhone.ActiveCfg = Debug|iPhone
		{E0B4E10F-F1EC-4A18-8DA5-C297966D9E55}.Debug|iPhone.Build.0 = Debug|iPhone
		{E0B4E10F-F1EC-4A18-8DA5-C297966D9E55}.Debug|iPhoneSimulator.ActiveCfg = Debug|iPhoneSimulator
		{E0B4E10F-F1EC-4A18-8DA5-C297966D9E55}.Debug|iPhoneSimulator.Build.0 = Debug|iPhoneSimulator
		{E0B4E10F-F1EC-4A18-8DA5-C297966D9E55}.Release|Any CPU.ActiveCfg = Release|iPhone
		{E0B4E10F-F1EC-4A18-8DA5-C297966D9E55}.Release|Any CPU.Build.0 = Release|iPhone
		{E0B4E10F-F1EC-4A18-8DA5-C297966D9E55}.Release|iPhone.ActiveCfg = Release|iPhone
		{E0B4E10F-F1EC-4A18-8DA5-C297966D9E55}.Release|iPhone.Build.0 = Release|iPhone
		{E0B4E10F-F1EC-4A18-8DA5-C297966D9E55}.Release|iPhoneSimulator.ActiveCfg = Release|iPhoneSimulator
		{E0B4E10F-F1EC-4A18-8DA5-C297966D9E55}.Release|iPhoneSimulator.Build.0 = Release|iPhoneSimulator
		{E0B4E10F-F1EC-4A18-8DA5-C297966D9E55}.UITests|Any CPU.ActiveCfg = Debug|iPhoneSimulator
		{E0B4E10F-F1EC-4A18-8DA5-C297966D9E55}.UITests|Any CPU.Build.0 = Debug|iPhoneSimulator
		{E0B4E10F-F1EC-4A18-8DA5-C297966D9E55}.UITests|iPhone.ActiveCfg = Release|iPhone
		{E0B4E10F-F1EC-4A18-8DA5-C297966D9E55}.UITests|iPhone.Build.0 = Release|iPhone
		{E0B4E10F-F1EC-4A18-8DA5-C297966D9E55}.UITests|iPhoneSimulator.ActiveCfg = Release|iPhoneSimulator
		{E0B4E10F-F1EC-4A18-8DA5-C297966D9E55}.UITests|iPhoneSimulator.Build.0 = Release|iPhoneSimulator
		{E9A77FD6-BE46-4A13-A098-B733D20DD051}.Debug|Any CPU.ActiveCfg = Debug|iPhoneSimulator
		{E9A77FD6-BE46-4A13-A098-B733D20DD051}.Debug|Any CPU.Build.0 = Debug|iPhoneSimulator
		{E9A77FD6-BE46-4A13-A098-B733D20DD051}.Debug|iPhone.ActiveCfg = Debug|iPhone
		{E9A77FD6-BE46-4A13-A098-B733D20DD051}.Debug|iPhone.Build.0 = Debug|iPhone
		{E9A77FD6-BE46-4A13-A098-B733D20DD051}.Debug|iPhoneSimulator.ActiveCfg = Debug|iPhoneSimulator
		{E9A77FD6-BE46-4A13-A098-B733D20DD051}.Debug|iPhoneSimulator.Build.0 = Debug|iPhoneSimulator
		{E9A77FD6-BE46-4A13-A098-B733D20DD051}.Release|Any CPU.ActiveCfg = Release|iPhone
		{E9A77FD6-BE46-4A13-A098-B733D20DD051}.Release|Any CPU.Build.0 = Release|iPhone
		{E9A77FD6-BE46-4A13-A098-B733D20DD051}.Release|iPhone.ActiveCfg = Release|iPhone
		{E9A77FD6-BE46-4A13-A098-B733D20DD051}.Release|iPhone.Build.0 = Release|iPhone
		{E9A77FD6-BE46-4A13-A098-B733D20DD051}.Release|iPhoneSimulator.ActiveCfg = Release|iPhoneSimulator
		{E9A77FD6-BE46-4A13-A098-B733D20DD051}.Release|iPhoneSimulator.Build.0 = Release|iPhoneSimulator
		{E9A77FD6-BE46-4A13-A098-B733D20DD051}.UITests|Any CPU.ActiveCfg = Debug|iPhoneSimulator
		{E9A77FD6-BE46-4A13-A098-B733D20DD051}.UITests|Any CPU.Build.0 = Debug|iPhoneSimulator
		{E9A77FD6-BE46-4A13-A098-B733D20DD051}.UITests|iPhone.ActiveCfg = Release|iPhone
		{E9A77FD6-BE46-4A13-A098-B733D20DD051}.UITests|iPhone.Build.0 = Release|iPhone
		{E9A77FD6-BE46-4A13-A098-B733D20DD051}.UITests|iPhoneSimulator.ActiveCfg = Release|iPhoneSimulator
		{E9A77FD6-BE46-4A13-A098-B733D20DD051}.UITests|iPhoneSimulator.Build.0 = Release|iPhoneSimulator
	EndGlobalSection
	GlobalSection(NestedProjects) = preSolution
		{5FFC5831-C926-45CA-ACB6-49C3C4AA96D7} = {42493F1D-9378-4E0C-89C3-DF9D79E3B4F0}
		{02B7F35D-201F-4435-8020-1FE34E45B02B} = {42493F1D-9378-4E0C-89C3-DF9D79E3B4F0}
		{E9A77FD6-BE46-4A13-A098-B733D20DD051} = {DB735661-C0B7-486F-A682-CD2D6FF6E12E}
		{E0B4E10F-F1EC-4A18-8DA5-C297966D9E55} = {DB735661-C0B7-486F-A682-CD2D6FF6E12E}
		{6CF328DB-AD12-4042-AE16-2FACA30CF46E} = {DB735661-C0B7-486F-A682-CD2D6FF6E12E}
		{92ADA73A-72D7-4026-93D7-08ED5EF2A6B3} = {3F6ABBA8-1EE2-49C1-AE09-D44A55486836}
	EndGlobalSection
	GlobalSection(MonoDevelopProperties) = preSolution
		Policies = $0
		$0.StandardHeader = $1
		$1.Text = 
		$1.IncludeInNewFiles = True
	EndGlobalSection
	GlobalSection(SharedMSBuildProjectFiles) = preSolution
		CoffeeFilter.Shared\CoffeeFilter.Shared.projitems*{851cf61b-0899-4332-a111-46c71d19ae84}*SharedItemsImports = 13
		CoffeeFilter.UITests.Shared\CoffeeFilter.UITests.Shared.projitems*{5ffc5831-c926-45ca-acb6-49c3c4aa96d7}*SharedItemsImports = 4
		CoffeeFilter.Shared\CoffeeFilter.Shared.projitems*{e9a77fd6-be46-4a13-a098-b733d20dd051}*SharedItemsImports = 4
		CoffeeFilter.UITests.Shared\CoffeeFilter.UITests.Shared.projitems*{e9a77fd6-be46-4a13-a098-b733d20dd051}*SharedItemsImports = 4
		CoffeeFilter.Shared\CoffeeFilter.Shared.projitems*{92ada73a-72d7-4026-93d7-08ed5ef2a6b3}*SharedItemsImports = 4
		CoffeeFilter.UITests.Shared\CoffeeFilter.UITests.Shared.projitems*{92ada73a-72d7-4026-93d7-08ed5ef2a6b3}*SharedItemsImports = 4
		CoffeeFilter.Shared\CoffeeFilter.Shared.projitems*{6cf328db-ad12-4042-ae16-2faca30cf46e}*SharedItemsImports = 4
		CoffeeFilter.UITests.Shared\CoffeeFilter.UITests.Shared.projitems*{6cf328db-ad12-4042-ae16-2faca30cf46e}*SharedItemsImports = 4
		CoffeeFilter.UITests.Shared\CoffeeFilter.UITests.Shared.projitems*{02b7f35d-201f-4435-8020-1fe34e45b02b}*SharedItemsImports = 13
	EndGlobalSection
	GlobalSection(SolutionProperties) = preSolution
		HideSolutionNode = FALSE
	EndGlobalSection
EndGlobal
